(setq el-get-lock-package-versions
      '((counsel :checksum "3216d4060b9614428c1fcf87f324ca83c97d6d24")
        (swiper :checksum "3216d4060b9614428c1fcf87f324ca83c97d6d24")
        (find-file-in-project :checksum "0072b813fc77ef34f776fcafbd13c4aeeae360cf")
        (dired+ :checksum "914dc28d88db0c6082a5d5e3bd4a7933dbf17f5f")
        (apib-mode :checksum "6cc7c6f21b8e415b1718bb6a07ab2182e9e9dde6")
        (treepy :checksum "b40e6b09eb9be45da67b8c9e4990a5a0d7a2a09d")
        (graphql :checksum "e2b309689f4faf9225f290080f836e988c5a576d")
        (typescript-mode :checksum "7c6fd0f4a8f32fdda3eecbd423a124302cfcfcf5")
        (lua-mode :checksum "99312b8d6c500ba3067da6d81efcfbbea05a1cbd")
        (ample-regexps :checksum "cbe91e148cac1ee8e223874dc956ed4cf607f046")
        (json-mode :checksum "32d5a9b3319e6797c4d52e7d61a65e5638102ef4")
        (json-snatcher :checksum "c4cecc0a5051bd364373aa499c47a1bb7a5ac51c")
        (json-reformat :checksum "8eb6668ed447988aea06467ba8f42e1f2178246f")
        (replace-colorthemes :checksum "42a79266f1d7b473e9328e67a455e505e6c3eff5")
        (org-mode :checksum "7b6ec64e0ea03d94db42fff7cb1dd4e5dbb2fa53")
        (migemo :checksum "e4744efae1b2fdea2bbd2ceaff0f6ea0bb739f5a")
        (simplenote2 :checksum "0fd6dbd0566af29964078e4b74baf69c2f52381a")
        (request :checksum "48a35969f7c41810d550e6cdf784cb86c5a05a20")
        (deferred :checksum "2239671d94b38d92e9b28d4e12fd79814cfb9c16")
        (smex :checksum "55aaebe3d793c2c990b39a302eb26c184281c42c")
        (ido-ubiquitous :checksum "e2ea358725f03ae623ae03ed90715efb92a61030")
        (memoize :checksum "636defefa9168f90bce6fc27431352ac7d01a890")
        (ido-vertical-mode :checksum "b42e4227ed5d37b5d840a9d9d1cdaabf50e189b1")
        (flymake-shell :checksum "a16cf453056b9849cc7c912bb127fb0b08fc6dab")
        (flymake-ruby :checksum "6c320c6fb686c5223bf975cc35178ad6b195e073")
        (flymake-less :checksum "32d3c28a9a5c52b82d1741ff9d715013b6498421")
        (flymake-haml :checksum "22a81e8484734552d461e7ae7305664dc244447e")
        (flymake-css :checksum "de090163ba289910ceeb61b13368ce42d0f2dfd8")
        (flymake-coffee :checksum "dee295acf30820ed15fe0de17137d50bc27fc80c")
        (flymake-easy :checksum "de41ea49503f71f997e5c359a2ad08df696c0147")
        (rfringe :checksum "feb2bbf1ddcf7404b22416f26ded429af1838d0f")
        (flymake-cursor :checksum "ecc539082c3fc9e91bba33d72c26989217411593")
        (flycheck :checksum "6bc54f00666d14197cb8685b42dbd49e19c82ec8")
        (flymake :checksum "8701c806d5e8f4e2c6f7dea461273482ad89c029")
        (ruby-tools :checksum "6b97066b58a4f82eb2ecea6434a0a7e981aa4c18")
        (ruby-refactor :checksum "e6b7125878a08518bffec6942df0c606f748e9ee")
        (ruby-hash-syntax :checksum "bc05c3130a5d3237f04c6064297e56de5f73887d")
        (ruby-end :checksum "79b4ea788b9cae9282da809507d0a56aa9c057c8")
        (ruby-electric :checksum "98ddec7ade4038306690e93b8c5ec73a7c3011cf")
        (ruby-block :checksum "289c34dca6daa1a1591537e1c56b687c14631930")
        (prettier-js :checksum "6cc79cc933968f9ecae988ed79398d9dc97790e2")
        (rjsx-mode :checksum "4c10dcd764ade8e3d5dc235c26ba9299576a513d")
        (coffee-mode :checksum "86ab8aae8662e8eff54d3013010b9c693b16eac5")
        (js3-mode :checksum "229aeb374f1b1f3ee5c59b8ba3eebb6385c232cb")
        (js2-mode :checksum "d72ed2060337e9f4400bcec85f8daaf18cb05413")
        (projectile-rails :checksum "348b11b237e87d87e784ab7accaef2bf97664bd6")
        (rake :checksum "a27322262ebcce7765574b577000f6f939400206")
        (jump :checksum "e4f1372cf22e811faca52fc86bdd5d817498a4d8")
        (inf-ruby :checksum "5ae6149a15068d3e2f83a5bd08e9cd7605f75fa9")
        (projectile :checksum "184d3451c9258cfbbfa2b26a07c7daeee2e9a605")
        (pkg-info :checksum "76ba7415480687d05a4353b27fea2ae02b8d9d61")
        (web-mode :checksum "78d49396b0ddb5e60596dc4a2c09d7cbb5812ff5")
        (rspec-mode :checksum "94a04f148922852b591957b0b3b22de5c4237448")
        (rhtml-mode :checksum "a6d71b38a3db867ccf82999c99805db1a3a33c33")
        (less-css-mode :checksum "2c3f69640c3c98457255f601db98f520dee2e7b6")
        (scss-mode :checksum "b010d134f499c4b4ad33fe8a669a81e9a531b0b2")
        (sass-mode :checksum "37105f46f6ea3592039f2ea7d0463ae7f042616e")
        (slim-mode :checksum "3636d18ab1c8b316eea71c4732eb44743e2ded87")
        (haml-mode :checksum "1cbb2de8f0fc25f35448c5cad04642f28078f3bb")
        (go-eldoc :checksum "cbbd2ea1e94a36004432a9ac61414cb5a95a39bd")
        (go-autocomplete :checksum "0444ce1cda44fedd8f89f853dfb9d3ee6973fa13")
        (auto-complete :checksum "2e83566ddfa758c69afe50b8a1c62a66f47471e3")
        (popup :checksum "80829dd46381754639fb764da11c67235fe63282")
        (fuzzy :checksum "534d723ad2e06322ff8d9bd0ba4863d243f698e7")
        (go-mode :checksum "7eb5b3dd0ac31d176e9d56da4172f66aef8fae47")
        (php-mode :checksum "e755a691ad2a08c6add57e74286c5a8da2f020f8")
        (textile-mode :checksum "c37aaab809503df008209390e31e19abf4e23630")
        (markdown-mode :checksum "faf60003180bc9db5e69fcef08040f544217d08f")
        (yaml-mode :checksum "28c34033194130d452d5c958b5241c88d42ca02b")
        (yasnippet :checksum "4ab9cb5bac683112852f58b26557a7dc283b717b")
        (auto-highlight-symbol :checksum "26573de912d760e04321b350897aea70958cee8b")
        (linum-off :checksum "9bfccead2d93fa66a1e19809b6633a672d367026")
        (elscreen :checksum "35c68a7503179fa618639e1c90b43bec9812a988")
        (dired-k :checksum "c50e8f73358060a448bff66db2d330b52bbeffc1")
        (dired-details :checksum "3de7e19ae874dac03edf9951648a1f11f52dead6")
        (bf-mode :checksum "7cc4d09aed64d9db6be95646f5f5067de68f8895")
        (dired-sort :checksum "251a4614f2a80cad10931eedc29fff90b967a8ad")
        (direx-grep :checksum "1109a512a80b2673a70b18b8568514049017faad")
        (direx :checksum "a79bfdb5980cf6ed7bfb3b41ddc471a7b6c0ede4")
        (key-chord :checksum "69f6d8097cedce8be75b3f8ebbd06830b28d2c46")
        (point-undo :checksum "b09bdcc64a0de08bae0838ef708c679dbc08f4c2")
        (undohist :checksum "d2239a5f736724ceb9e3b6bcaa86f4064805cda0")
        (undo-tree :checksum "e9a9102f515acd7523158f20e83f300600374989")
        (redo+ :checksum "6c91a142cbb9914140c959c79bf8bdba0a0894e2")
        (init-loader :checksum "5d3cea1004c11ff96b33020e337b03b925c67c42")
        (magit :checksum "0ee62ee80eca660a5d05dab34bcf4b80a3ee749d")
        (magit-popup :checksum "3f23e81eb0267d6578d8f1733c5e42699b0229a1")
        (emacs-async :checksum "424ecd8a28cd59fe7d2de3cb4b37a4224e34c123")
        (ghub :checksum "b5f81522b0b5b896a62347eb5f238f67b47790b0")
        (with-editor :checksum "05338d893f3879391d7283324364b472e3f4f4d1")
        (wgrep :checksum "1cdd7c136f1e7565bb13d2df69be3dc77b83698d")
        (ag :checksum "8e547fcda57184963bcfdbfb48ca6d0d478ea213")
        (color-moccur :checksum "4f1c59ffd1ccc2ab1a171cd6b721e8cb9e002fb7")
        (auto-install :checksum "4c7626db5ec2fd3be5ee075887ec2af59c6b7e26")
        (exec-path-from-shell :checksum "5e355fbc50913d1ffe48bf86df0bcecd8b369ffb")
        (f :checksum "595519ea07d6ff49e5cb1cbd442eb689f9142ed1")
        (s :checksum "5e9a6857d42015c67681616aa3519f599f97b8d8")
        (epl :checksum "83797835f729f39b80acba4c7e83d73a2e410e26")
        (dash :checksum "91d8cb01e62bab0d6267d3d4dbcabd6da6fdea78")))
(setq el-get-lock-locked-packages 'nil)
(setq el-get-lock-unlocked-packages 'nil)
