(setq el-get-lock-package-versions
      '((ruby-additional :checksum "912f1d5775658440963ed97f3d3dec25ad89658d")
        (replace-colorthemes :checksum "40464198e7bf2121694a7e6d87588342140a84ff")
        (migemo :checksum "f42832c8ac462ecbec9a16eb781194f876fba64a")
        (smex :checksum "55aaebe3d793c2c990b39a302eb26c184281c42c")
        (ido-ubiquitous :checksum "b9ca2566b867464c25b720e2148d240961c110e7")
        (memoize :checksum "51b075935ca7070f62fae1d69fe0ff7d8fa56fdd")
        (ido-vertical-mode :checksum "16c4c1a112796ee0bcf401ea39d3e2643a89feaf")
        (flymake-shell :checksum "a16cf453056b9849cc7c912bb127fb0b08fc6dab")
        (flymake-ruby :checksum "6c320c6fb686c5223bf975cc35178ad6b195e073")
        (flymake-less :checksum "32d3c28a9a5c52b82d1741ff9d715013b6498421")
        (flymake-haml :checksum "22a81e8484734552d461e7ae7305664dc244447e")
        (flymake-css :checksum "de090163ba289910ceeb61b13368ce42d0f2dfd8")
        (flymake-coffee :checksum "dee295acf30820ed15fe0de17137d50bc27fc80c")
        (flymake-easy :checksum "de41ea49503f71f997e5c359a2ad08df696c0147")
        (rfringe :checksum "feb2bbf1ddcf7404b22416f26ded429af1838d0f")
        (flymake-cursor :checksum "ecc539082c3fc9e91bba33d72c26989217411593")
        (flymake :checksum "8701c806d5e8f4e2c6f7dea461273482ad89c029")
        (ruby-tools :checksum "6b97066b58a4f82eb2ecea6434a0a7e981aa4c18")
        (ruby-refactor :checksum "e6b7125878a08518bffec6942df0c606f748e9ee")
        (ruby-hash-syntax :checksum "d64036278dcfb4fa0603e6697142e02c2876f634")
        (ruby-end :checksum "79b4ea788b9cae9282da809507d0a56aa9c057c8")
        (ruby-electric :checksum "98ddec7ade4038306690e93b8c5ec73a7c3011cf")
        (ruby-block :checksum "289c34dca6daa1a1591537e1c56b687c14631930")
        (json-mode :checksum "0e819e519ae17a2686e0881c4ca51fa873fa9b83")
        (json-snatcher :checksum "c4cecc0a5051bd364373aa499c47a1bb7a5ac51c")
        (json-reformat :checksum "8eb6668ed447988aea06467ba8f42e1f2178246f")
        (prettier-js :checksum "e9b73e81d3e1642aec682195f127a42dfb0b5774")
        (rjsx-mode :checksum "0061587a06cdc2579a8d0e90863498d96bf982d8")
        (tide :checksum "13e7af77b6867ffca6eecc5b3b3b5e315518f49c")
        (flycheck :checksum "ee0937ffe23ea859f5547f81756257c12e2c34d4")
        (typescript-mode :checksum "0fc729787007b5111f3584034af0f3ef2389098f")
        (jsx-mode :checksum "e3f52e9c5ea2a61cbe288d8cd3525a335f5d3afd")
        (coffee-mode :checksum "35a41c7d8233eac0b267d9593e67fb8b6235e134")
        (js3-mode :checksum "229aeb374f1b1f3ee5c59b8ba3eebb6385c232cb")
        (js2-mode :checksum "e8bbfd204bfa34571b58b21b7ad7eb378e627037")
        (projectile-rails :checksum "11980b2bcb99208888856a9b8666ff329b6f0142")
        (rake :checksum "9c204334b03b4e899fadae6e59c20cf105404128")
        (jump :checksum "e4f1372cf22e811faca52fc86bdd5d817498a4d8")
        (inf-ruby :checksum "41e5ed3a886fca56990486f1987bb3bae0dbd54b")
        (projectile :checksum "5103cfc4248bc341d24c0c96f0728962c85bf8ed")
        (pkg-info :checksum "76ba7415480687d05a4353b27fea2ae02b8d9d61")
        (web-mode :checksum "186a7c21049c50ecfd4109eb06c91196404f8bc5")
        (rspec-mode :checksum "9a2a9d2935ae17b8570485bdea7c347533b464f6")
        (rhtml-mode :checksum "a6d71b38a3db867ccf82999c99805db1a3a33c33")
        (less-css-mode :checksum "c7fa3d56d83206b28657f2e56439dc62280a2bf2")
        (scss-mode :checksum "cf58dbec5394280503eb5502938f3b5445d1b53d")
        (sass-mode :checksum "247a0d4b509f10b28e4687cd8763492bca03599b")
        (slim-mode :checksum "3636d18ab1c8b316eea71c4732eb44743e2ded87")
        (haml-mode :checksum "bf5b6c11b1206759d2b28af48765e04882dd1fc4")
        (lua-mode :checksum "35b6e4c20b8b4eaf783ccc8e613d0dd06dbd165c")
        (ample-regexps :checksum "153969ce547afe410b8986f01c9ed4087c9cd20b")
        (go-eldoc :checksum "cbbd2ea1e94a36004432a9ac61414cb5a95a39bd")
        (go-autocomplete :checksum "5bee97b488366fd20b054d0861b89834ff5bbfb2")
        (auto-complete :checksum "c0836fa0662095071e3c40237db611063e3c3ceb")
        (popup :checksum "4839797cd1db25be6f3f98bc8d401b6c2af01f9f")
        (fuzzy :checksum "a36bde2f6e94d6b2bfaae68d73bbd39734e5b907")
        (go-mode :checksum "734d5232455ffde088021ea5908849ac570e890f")
        (php-mode :checksum "a7687e454adc2e6c1e13d90beac122af32169eb8")
        (apib-mode :checksum "c6dd05201f6eb9295736d8668a79a7510d11159e")
        (textile-mode :checksum "c37aaab809503df008209390e31e19abf4e23630")
        (markdown-mode :checksum "6406b874f6b2952b9590e10f163e72bac80c3081")
        (yaml-mode :checksum "34648f2502f52f4744d62758fa381fa35db1da49")
        (yasnippet :checksum "d3d6d70b1cd4818d271752468e0fdb0788db750d")
        (auto-highlight-symbol :checksum "26573de912d760e04321b350897aea70958cee8b")
        (linum-off :checksum "9bfccead2d93fa66a1e19809b6633a672d367026")
        (elscreen :checksum "cc58337faf5ba1eae7e87f75f6ff3758675688f2")
        (counsel :checksum "387390b1026b7087bbb4df2e6b778ebe5d9e1b8d")
        (swiper :checksum "387390b1026b7087bbb4df2e6b778ebe5d9e1b8d")
        (ivy :checksum "387390b1026b7087bbb4df2e6b778ebe5d9e1b8d")
        (find-file-in-project :checksum "acedab403f69f242fa41012c20078500d46aa9e8")
        (dired-k :checksum "1f90cf6ac932ad30ccfefec27ea7e514c24ab335")
        (dired-details :checksum "3de7e19ae874dac03edf9951648a1f11f52dead6")
        (bf-mode :checksum "7cc4d09aed64d9db6be95646f5f5067de68f8895")
        (dired-sort :checksum "251a4614f2a80cad10931eedc29fff90b967a8ad")
        (dired+ :checksum "fe7de57bda6062b237d62a83f9abf3b4b96992b8")
        (direx-grep :checksum "1109a512a80b2673a70b18b8568514049017faad")
        (direx :checksum "a79bfdb5980cf6ed7bfb3b41ddc471a7b6c0ede4")
        (key-chord :checksum "69f6d8097cedce8be75b3f8ebbd06830b28d2c46")
        (point-undo :checksum "b09bdcc64a0de08bae0838ef708c679dbc08f4c2")
        (undohist :checksum "6c905772e6aa9969fd9ca500d2fe93e114130fe6")
        (undo-tree :checksum "0161041f9aa017c0089372f3aa74c70bc9e78efe")
        (redo+ :checksum "6c91a142cbb9914140c959c79bf8bdba0a0894e2")
        (init-loader :checksum "44829fa70f5c4cba03d36db5fa2c969001325b91")
        (magit :checksum "f6e8bb71ee63ee1f96000c3b43e1ccfa676c1d5c")
        (transient :checksum "0cd0b45c345e084b791db15aaf2386675f119a93")
        (with-editor :checksum "7ec873bd569ce9cbec15722674f4057a35075d95")
        (wgrep :checksum "f0ef9bfa44db503cdb2f83fcfbd2fa4e2382ef1f")
        (ag :checksum "bd81d68466e44301505629454dfc689b6c17d94b")
        (color-moccur :checksum "4f1c59ffd1ccc2ab1a171cd6b721e8cb9e002fb7")
        (auto-install :checksum "4c7626db5ec2fd3be5ee075887ec2af59c6b7e26")
        (exec-path-from-shell :checksum "e1f14450f172d29a0024806404dfe4b70bfcd371")
        (f :checksum "1814209e2ff43cf2e6d38c4cd476218915f550fb")
        (s :checksum "43ba8b563bee3426cead0e6d4ddc09398e1a349d")
        (epl :checksum "78ab7a85c08222cd15582a298a364774e3282ce6")
        (dash :checksum "ea4a4cc7cce7c3b93862a22df8bca8b83052ccbf")))
(setq el-get-lock-locked-packages 'nil)
(setq el-get-lock-unlocked-packages 'nil)
