(setq el-get-lock-package-versions
      '((dired-k :checksum "c50e8f73358060a448bff66db2d330b52bbeffc1")
        (migemo :checksum "e4744efae1b2fdea2bbd2ceaff0f6ea0bb739f5a")
        (el-get-lock :checksum "df8cfe55441695865a64b97946750b6413a40425")
        (tablist :checksum "c834a84efb6efa32497efe1e73160fade741b836")
        (go-mode :checksum "bfe7a14e9bf957d050e3c429156e697bb3670f21")
        (simplenote2 :checksum "5f267d6289b103d77feb2f038baedeae39deee75")
        (request :checksum "48a35969f7c41810d550e6cdf784cb86c5a05a20")
        (deferred :checksum "a975fa0ee900e534e831202f9c02e3e7035e4d7f")
        (magit :checksum "4fea54f8259ba36edaec2c0c74b97cf8ee94c48e")
        (dired+ :checksum "d3eb177b8eda9e37fbf315ac5a560bdb6cde80c8")
        (php-mode :checksum "11674976ee981bb05fb79c5b6de6973b53d51e98")
        (auto-install :checksum "4c7626db5ec2fd3be5ee075887ec2af59c6b7e26")
        (replace-colorthemes :checksum "42a79266f1d7b473e9328e67a455e505e6c3eff5")
        (smex :checksum "55aaebe3d793c2c990b39a302eb26c184281c42c")
        (ido-ubiquitous :checksum "2bd3a2722d8df0db9dfe25f5763f7dfaf0734624")
        (ido-vertical-mode :checksum "b42e4227ed5d37b5d840a9d9d1cdaabf50e189b1")
        (flymake-shell :checksum "ec097bd77db5523a04ceb15a128e01689d36fb90")
        (flymake-ruby :checksum "8dc4ca44ec2acfaab25f5501fca1bd687fae94f2")
        (flymake-less :checksum "32d3c28a9a5c52b82d1741ff9d715013b6498421")
        (flymake-haml :checksum "3117d94ecad908710502e8def42dbae5748e9c1d")
        (flymake-css :checksum "4649fc209836498d709bb627e8aa6e50189a06ec")
        (flymake-coffee :checksum "325ab379592fdf9017d7c19625c7a978f6f3af3b")
        (flymake-easy :checksum "de41ea49503f71f997e5c359a2ad08df696c0147")
        (rfringe :checksum "feb2bbf1ddcf7404b22416f26ded429af1838d0f")
        (flymake-cursor :checksum "ecc539082c3fc9e91bba33d72c26989217411593")
        (flycheck :checksum "b6baa8abc95d83a2f612e4f62f99681b8c4a91b6")
        (flymake :checksum "8701c806d5e8f4e2c6f7dea461273482ad89c029")
        (ruby-tools :checksum "6b97066b58a4f82eb2ecea6434a0a7e981aa4c18")
        (ruby-refactor :checksum "e6b7125878a08518bffec6942df0c606f748e9ee")
        (ruby-hash-syntax :checksum "13288a29478a9e45ab4fd2188aea8d4894e08848")
        (ruby-end :checksum "79b4ea788b9cae9282da809507d0a56aa9c057c8")
        (ruby-electric :checksum "98ddec7ade4038306690e93b8c5ec73a7c3011cf")
        (ruby-block :checksum "289c34dca6daa1a1591537e1c56b687c14631930")
        (coffee-mode :checksum "86ab8aae8662e8eff54d3013010b9c693b16eac5")
        (js3-mode :checksum "229aeb374f1b1f3ee5c59b8ba3eebb6385c232cb")
        (js2-mode :checksum "908395e3aa413b4293b35aab9d41a56f1dbe1e04")
        (projectile-rails :checksum "6f866e1e7cd50db563a16ae9237ad10f3be97fef")
        (rake :checksum "e680f1a8f2591af7c80cad188340601b101b5ddc")
        (inf-ruby :checksum "af4f238ef4555521d13c5eb2fb8e818acf59d70a")
        (projectile :checksum "0c307c8cbf6162fa992bcdbdd1940bf6eff28253")
        (pkg-info :checksum "76ba7415480687d05a4353b27fea2ae02b8d9d61")
        (web-mode :checksum "12a516c7ac57b96c5b476b90ad5c04e3bbd27baf")
        (rspec-mode :checksum "fe336636a57955b927b5994c8c738e21cacdc800")
        (rhtml-mode :checksum "a6d71b38a3db867ccf82999c99805db1a3a33c33")
        (less-css-mode :checksum "59bf174c4e9f053ec2a7ef8c8a8198490390f6fb")
        (scss-mode :checksum "b010d134f499c4b4ad33fe8a669a81e9a531b0b2")
        (sass-mode :checksum "37105f46f6ea3592039f2ea7d0463ae7f042616e")
        (slim-mode :checksum "869c84821cf3e556b380c5c35d8ad62287c4df58")
        (haml-mode :checksum "e232abdb908d92a1a346ee1a7671d4a3121310c5")
        (textile-mode :checksum "dc911eddd6fc825b9b16d0c515ac17dee5259266")
        (markdown-mode :checksum "0f88075c9091b4120fac96aaf091ec647d2ea555")
        (yaml-mode :checksum "1c3ade410fb0bf5b6f2140b099f0ef96836ee74e")
        (yasnippet :checksum "5043a961215158619199cf03a85a0c063a28c644")
        (auto-highlight-symbol :checksum "26573de912d760e04321b350897aea70958cee8b")
        (linum-off :checksum "1460b36593736d29213ca8b72e20b927c4ff1f2b")
        (elscreen :checksum "35c68a7503179fa618639e1c90b43bec9812a988")
        (dired-details :checksum "3de7e19ae874dac03edf9951648a1f11f52dead6")
        (bf-mode :checksum "7cc4d09aed64d9db6be95646f5f5067de68f8895")
        (dired-sort :checksum "251a4614f2a80cad10931eedc29fff90b967a8ad")
        (wdired :checksum "43af756b0dcded78251baaaeac48cc40a11f6c03")
        (key-chord :checksum "69f6d8097cedce8be75b3f8ebbd06830b28d2c46")
        (point-undo :checksum "b09bdcc64a0de08bae0838ef708c679dbc08f4c2")
        (undohist :checksum "d2239a5f736724ceb9e3b6bcaa86f4064805cda0")
        (undo-tree :checksum "4cba00bb049cfaa2ee6821a9e347209a88a740b5")
        (redo+ :checksum "6c91a142cbb9914140c959c79bf8bdba0a0894e2")
        (init-loader :checksum "287da99eadfa3dd85492506db43d68324069b593")
        (git-emacs :checksum "cef196abf398e2dd11f775d1e6cd8690567408aa")
        (with-editor :checksum "8ae3c7aed92842f5988671c1b3350c65c58857e0")
        (emacs-async :checksum "09a177c15bd3aafc57ba6a63ab093f640ffa2610")
        (wgrep :checksum "4e9f3d9822acab2d353c858d33ddaebb629fbfe8")
        (ag :checksum "2718190a0202aa4ab02b1f1f3d6ba7b996b69d6d")
        (color-moccur :checksum "4f1c59ffd1ccc2ab1a171cd6b721e8cb9e002fb7")
        (exec-path-from-shell :checksum "5e355fbc50913d1ffe48bf86df0bcecd8b369ffb")
        (f :checksum "fabdbd4a4a8caf8684f0fa656f457a03c5dfa4de")
        (s :checksum "fc395c8d5e6c14d5e0920ab80d4d5df007eed14a")
        (epl :checksum "a5ad061d0a5eb42f66c384e55d102da7d52c96b0")
        (dash :checksum "524e6fe86ba240d4405d3de1c862921fb8085c8d")))
(setq el-get-lock-locked-packages 'nil)
(setq el-get-lock-unlocked-packages 'nil)
